
Microsoft Visual Studio Solution File, Format Version 12.00
# Visual Studio Version 17
VisualStudioVersion = 17.4.33110.190
MinimumVisualStudioVersion = 10.0.40219.1
Project("{FAE04EC0-301F-11D3-BF4B-00C04F79EFBC}") = "Raw", "Raw\Raw.csproj", "{975C9B0A-6658-4941-8352-840318A3E631}"
EndProject
Global
	GlobalSection(SolutionConfigurationPlatforms) = preSolution
		Debug|Any CPU = Debug|Any CPU
		Release|Any CPU = Release|Any CPU
	EndGlobalSection
	GlobalSection(ProjectConfigurationPlatforms) = postSolution
		{975C9B0A-6658-4941-8352-840318A3E631}.Debug|Any CPU.ActiveCfg = Debug|Any CPU
		{975C9B0A-6658-4941-8352-840318A3E631}.Debug|Any CPU.Build.0 = Debug|Any CPU
		{975C9B0A-6658-4941-8352-840318A3E631}.Release|Any CPU.ActiveCfg = Release|Any CPU
		{975C9B0A-6658-4941-8352-840318A3E631}.Release|Any CPU.Build.0 = Release|Any CPU
	EndGlobalSection
	GlobalSection(SolutionProperties) = preSolution
		HideSolutionNode = FALSE
	EndGlobalSection
	GlobalSection(ExtensibilityGlobals) = postSolution
		SolutionGuid = {30B81AF5-0BF3-4A22-8057-49DD61ABFA21}
	EndGlobalSection
EndGlobal
